
Microsoft Visual Studio Solution File, Format Version 12.00
# Visual Studio 15
VisualStudioVersion = 15.0.27004.2010
MinimumVisualStudioVersion = 10.0.40219.1
Project("{FAE04EC0-301F-11D3-BF4B-00C04F79EFBC}") = "compareDBExcel", "compareDBExcel\compareDBExcel.csproj", "{81D5155A-CAA8-44CA-B9F7-E03C6569C814}"
EndProject
Global
	GlobalSection(SolutionConfigurationPlatforms) = preSolution
		Debug|Any CPU = Debug|Any CPU
		Release|Any CPU = Release|Any CPU
	EndGlobalSection
	GlobalSection(ProjectConfigurationPlatforms) = postSolution
		{81D5155A-CAA8-44CA-B9F7-E03C6569C814}.Debug|Any CPU.ActiveCfg = Debug|Any CPU
		{81D5155A-CAA8-44CA-B9F7-E03C6569C814}.Debug|Any CPU.Build.0 = Debug|Any CPU
		{81D5155A-CAA8-44CA-B9F7-E03C6569C814}.Release|Any CPU.ActiveCfg = Release|Any CPU
		{81D5155A-CAA8-44CA-B9F7-E03C6569C814}.Release|Any CPU.Build.0 = Release|Any CPU
	EndGlobalSection
	GlobalSection(SolutionProperties) = preSolution
		HideSolutionNode = FALSE
	EndGlobalSection
	GlobalSection(ExtensibilityGlobals) = postSolution
		SolutionGuid = {3B752954-4D64-492E-BA33-DAB4D6C6DC91}
	EndGlobalSection
EndGlobal
